
Microsoft Visual Studio Solution File, Format Version 12.00
# Visual Studio Version 17
VisualStudioVersion = 17.5.002.0
MinimumVisualStudioVersion = 10.0.40219.1
Project("{9A19103F-16F7-4668-BE54-9A1E7A4F7556}") = "api", "api\api.csproj", "{F4B6D10B-D380-40E6-BE9F-C09690849B79}"
EndProject
Global
	GlobalSection(SolutionConfigurationPlatforms) = preSolution
		Debug|Any CPU = Debug|Any CPU
		Release|Any CPU = Release|Any CPU
	EndGlobalSection
	GlobalSection(ProjectConfigurationPlatforms) = postSolution
		{F4B6D10B-D380-40E6-BE9F-C09690849B79}.Debug|Any CPU.ActiveCfg = Debug|Any CPU
		{F4B6D10B-D380-40E6-BE9F-C09690849B79}.Debug|Any CPU.Build.0 = Debug|Any CPU
		{F4B6D10B-D380-40E6-BE9F-C09690849B79}.Release|Any CPU.ActiveCfg = Release|Any CPU
		{F4B6D10B-D380-40E6-BE9F-C09690849B79}.Release|Any CPU.Build.0 = Release|Any CPU
	EndGlobalSection
	GlobalSection(SolutionProperties) = preSolution
		HideSolutionNode = FALSE
	EndGlobalSection
	GlobalSection(ExtensibilityGlobals) = postSolution
		SolutionGuid = {02AB6A43-2E66-44C9-8CAE-93BFA3CAAE21}
	EndGlobalSection
EndGlobal
